
Microsoft Visual Studio Solution File, Format Version 12.00
# Visual Studio 2013
VisualStudioVersion = 12.0.30723.0
MinimumVisualStudioVersion = 10.0.40219.1
Project("{FAE04EC0-301F-11D3-BF4B-00C04F79EFBC}") = "App4", "App4\App4\App4.csproj", "{06190BDC-EF76-44E9-9A0A-4E4F1EC7218E}"
EndProject
Project("{FAE04EC0-301F-11D3-BF4B-00C04F79EFBC}") = "App4.iOS", "App4\App4.iOS\App4.iOS.csproj", "{56490FBA-39B8-411A-BBFF-BCE907FA7DCD}"
EndProject
Project("{FAE04EC0-301F-11D3-BF4B-00C04F79EFBC}") = "App4.Android", "App4\App4.Android\App4.Android.csproj", "{9F1563FD-997D-41FC-84C7-A861305E0D04}"
EndProject
Project("{FAE04EC0-301F-11D3-BF4B-00C04F79EFBC}") = "App4.WinPhone", "App4\App4.WinPhone\App4.WinPhone.csproj", "{99A2D9C4-A7A3-4E01-8935-921B3C12C8BA}"
EndProject
Global
	GlobalSection(SolutionConfigurationPlatforms) = preSolution
		Ad-Hoc|Any CPU = Ad-Hoc|Any CPU
		Ad-Hoc|ARM = Ad-Hoc|ARM
		Ad-Hoc|iPhone = Ad-Hoc|iPhone
		Ad-Hoc|iPhoneSimulator = Ad-Hoc|iPhoneSimulator
		Ad-Hoc|Mixed Platforms = Ad-Hoc|Mixed Platforms
		Ad-Hoc|x86 = Ad-Hoc|x86
		AppStore|Any CPU = AppStore|Any CPU
		AppStore|ARM = AppStore|ARM
		AppStore|iPhone = AppStore|iPhone
		AppStore|iPhoneSimulator = AppStore|iPhoneSimulator
		AppStore|Mixed Platforms = AppStore|Mixed Platforms
		AppStore|x86 = AppStore|x86
		Debug|Any CPU = Debug|Any CPU
		Debug|ARM = Debug|ARM
		Debug|iPhone = Debug|iPhone
		Debug|iPhoneSimulator = Debug|iPhoneSimulator
		Debug|Mixed Platforms = Debug|Mixed Platforms
		Debug|x86 = Debug|x86
		Release|Any CPU = Release|Any CPU
		Release|ARM = Release|ARM
		Release|iPhone = Release|iPhone
		Release|iPhoneSimulator = Release|iPhoneSimulator
		Release|Mixed Platforms = Release|Mixed Platforms
		Release|x86 = Release|x86
	EndGlobalSection
	GlobalSection(ProjectConfigurationPlatforms) = postSolution
		{06190BDC-EF76-44E9-9A0A-4E4F1EC7218E}.Ad-Hoc|Any CPU.ActiveCfg = Release|Any CPU
		{06190BDC-EF76-44E9-9A0A-4E4F1EC7218E}.Ad-Hoc|Any CPU.Build.0 = Release|Any CPU
		{06190BDC-EF76-44E9-9A0A-4E4F1EC7218E}.Ad-Hoc|ARM.ActiveCfg = Release|Any CPU
		{06190BDC-EF76-44E9-9A0A-4E4F1EC7218E}.Ad-Hoc|iPhone.ActiveCfg = Release|Any CPU
		{06190BDC-EF76-44E9-9A0A-4E4F1EC7218E}.Ad-Hoc|iPhoneSimulator.ActiveCfg = Release|Any CPU
		{06190BDC-EF76-44E9-9A0A-4E4F1EC7218E}.Ad-Hoc|Mixed Platforms.ActiveCfg = Release|Any CPU
		{06190BDC-EF76-44E9-9A0A-4E4F1EC7218E}.Ad-Hoc|Mixed Platforms.Build.0 = Release|Any CPU
		{06190BDC-EF76-44E9-9A0A-4E4F1EC7218E}.Ad-Hoc|x86.ActiveCfg = Release|Any CPU
		{06190BDC-EF76-44E9-9A0A-4E4F1EC7218E}.AppStore|Any CPU.ActiveCfg = Release|Any CPU
		{06190BDC-EF76-44E9-9A0A-4E4F1EC7218E}.AppStore|Any CPU.Build.0 = Release|Any CPU
		{06190BDC-EF76-44E9-9A0A-4E4F1EC7218E}.AppStore|ARM.ActiveCfg = Release|Any CPU
		{06190BDC-EF76-44E9-9A0A-4E4F1EC7218E}.AppStore|iPhone.ActiveCfg = Release|Any CPU
		{06190BDC-EF76-44E9-9A0A-4E4F1EC7218E}.AppStore|iPhoneSimulator.ActiveCfg = Release|Any CPU
		{06190BDC-EF76-44E9-9A0A-4E4F1EC7218E}.AppStore|Mixed Platforms.ActiveCfg = Release|Any CPU
		{06190BDC-EF76-44E9-9A0A-4E4F1EC7218E}.AppStore|Mixed Platforms.Build.0 = Release|Any CPU
		{06190BDC-EF76-44E9-9A0A-4E4F1EC7218E}.AppStore|x86.ActiveCfg = Release|Any CPU
		{06190BDC-EF76-44E9-9A0A-4E4F1EC7218E}.Debug|Any CPU.ActiveCfg = Debug|Any CPU
		{06190BDC-EF76-44E9-9A0A-4E4F1EC7218E}.Debug|Any CPU.Build.0 = Debug|Any CPU
		{06190BDC-EF76-44E9-9A0A-4E4F1EC7218E}.Debug|ARM.ActiveCfg = Debug|Any CPU
		{06190BDC-EF76-44E9-9A0A-4E4F1EC7218E}.Debug|iPhone.ActiveCfg = Debug|Any CPU
		{06190BDC-EF76-44E9-9A0A-4E4F1EC7218E}.Debug|iPhoneSimulator.ActiveCfg = Debug|Any CPU
		{06190BDC-EF76-44E9-9A0A-4E4F1EC7218E}.Debug|Mixed Platforms.ActiveCfg = Debug|Any CPU
		{06190BDC-EF76-44E9-9A0A-4E4F1EC7218E}.Debug|Mixed Platforms.Build.0 = Debug|Any CPU
		{06190BDC-EF76-44E9-9A0A-4E4F1EC7218E}.Debug|x86.ActiveCfg = Debug|Any CPU
		{06190BDC-EF76-44E9-9A0A-4E4F1EC7218E}.Release|Any CPU.ActiveCfg = Release|Any CPU
		{06190BDC-EF76-44E9-9A0A-4E4F1EC7218E}.Release|Any CPU.Build.0 = Release|Any CPU
		{06190BDC-EF76-44E9-9A0A-4E4F1EC7218E}.Release|ARM.ActiveCfg = Release|Any CPU
		{06190BDC-EF76-44E9-9A0A-4E4F1EC7218E}.Release|iPhone.ActiveCfg = Release|Any CPU
		{06190BDC-EF76-44E9-9A0A-4E4F1EC7218E}.Release|iPhoneSimulator.ActiveCfg = Release|Any CPU
		{06190BDC-EF76-44E9-9A0A-4E4F1EC7218E}.Release|Mixed Platforms.ActiveCfg = Release|Any CPU
		{06190BDC-EF76-44E9-9A0A-4E4F1EC7218E}.Release|Mixed Platforms.Build.0 = Release|Any CPU
		{06190BDC-EF76-44E9-9A0A-4E4F1EC7218E}.Release|x86.ActiveCfg = Release|Any CPU
		{56490FBA-39B8-411A-BBFF-BCE907FA7DCD}.Ad-Hoc|Any CPU.ActiveCfg = Ad-Hoc|iPhone
		{56490FBA-39B8-411A-BBFF-BCE907FA7DCD}.Ad-Hoc|ARM.ActiveCfg = Ad-Hoc|iPhone
		{56490FBA-39B8-411A-BBFF-BCE907FA7DCD}.Ad-Hoc|iPhone.ActiveCfg = Ad-Hoc|iPhone
		{56490FBA-39B8-411A-BBFF-BCE907FA7DCD}.Ad-Hoc|iPhone.Build.0 = Ad-Hoc|iPhone
		{56490FBA-39B8-411A-BBFF-BCE907FA7DCD}.Ad-Hoc|iPhoneSimulator.ActiveCfg = Ad-Hoc|iPhoneSimulator
		{56490FBA-39B8-411A-BBFF-BCE907FA7DCD}.Ad-Hoc|iPhoneSimulator.Build.0 = Ad-Hoc|iPhoneSimulator
		{56490FBA-39B8-411A-BBFF-BCE907FA7DCD}.Ad-Hoc|Mixed Platforms.ActiveCfg = Ad-Hoc|iPhone
		{56490FBA-39B8-411A-BBFF-BCE907FA7DCD}.Ad-Hoc|Mixed Platforms.Build.0 = Ad-Hoc|iPhone
		{56490FBA-39B8-411A-BBFF-BCE907FA7DCD}.Ad-Hoc|x86.ActiveCfg = Ad-Hoc|iPhone
		{56490FBA-39B8-411A-BBFF-BCE907FA7DCD}.AppStore|Any CPU.ActiveCfg = AppStore|iPhone
		{56490FBA-39B8-411A-BBFF-BCE907FA7DCD}.AppStore|ARM.ActiveCfg = AppStore|iPhone
		{56490FBA-39B8-411A-BBFF-BCE907FA7DCD}.AppStore|iPhone.ActiveCfg = AppStore|iPhone
		{56490FBA-39B8-411A-BBFF-BCE907FA7DCD}.AppStore|iPhone.Build.0 = AppStore|iPhone
		{56490FBA-39B8-411A-BBFF-BCE907FA7DCD}.AppStore|iPhoneSimulator.ActiveCfg = AppStore|iPhoneSimulator
		{56490FBA-39B8-411A-BBFF-BCE907FA7DCD}.AppStore|iPhoneSimulator.Build.0 = AppStore|iPhoneSimulator
		{56490FBA-39B8-411A-BBFF-BCE907FA7DCD}.AppStore|Mixed Platforms.ActiveCfg = AppStore|iPhone
		{56490FBA-39B8-411A-BBFF-BCE907FA7DCD}.AppStore|Mixed Platforms.Build.0 = AppStore|iPhone
		{56490FBA-39B8-411A-BBFF-BCE907FA7DCD}.AppStore|x86.ActiveCfg = AppStore|iPhone
		{56490FBA-39B8-411A-BBFF-BCE907FA7DCD}.Debug|Any CPU.ActiveCfg = Debug|iPhone
		{56490FBA-39B8-411A-BBFF-BCE907FA7DCD}.Debug|ARM.ActiveCfg = Debug|iPhone
		{56490FBA-39B8-411A-BBFF-BCE907FA7DCD}.Debug|iPhone.ActiveCfg = Debug|iPhone
		{56490FBA-39B8-411A-BBFF-BCE907FA7DCD}.Debug|iPhone.Build.0 = Debug|iPhone
		{56490FBA-39B8-411A-BBFF-BCE907FA7DCD}.Debug|iPhoneSimulator.ActiveCfg = Debug|iPhoneSimulator
		{56490FBA-39B8-411A-BBFF-BCE907FA7DCD}.Debug|iPhoneSimulator.Build.0 = Debug|iPhoneSimulator
		{56490FBA-39B8-411A-BBFF-BCE907FA7DCD}.Debug|Mixed Platforms.ActiveCfg = Debug|iPhone
		{56490FBA-39B8-411A-BBFF-BCE907FA7DCD}.Debug|Mixed Platforms.Build.0 = Debug|iPhone
		{56490FBA-39B8-411A-BBFF-BCE907FA7DCD}.Debug|x86.ActiveCfg = Debug|iPhone
		{56490FBA-39B8-411A-BBFF-BCE907FA7DCD}.Release|Any CPU.ActiveCfg = Release|iPhone
		{56490FBA-39B8-411A-BBFF-BCE907FA7DCD}.Release|ARM.ActiveCfg = Release|iPhone
		{56490FBA-39B8-411A-BBFF-BCE907FA7DCD}.Release|iPhone.ActiveCfg = Release|iPhone
		{56490FBA-39B8-411A-BBFF-BCE907FA7DCD}.Release|iPhone.Build.0 = Release|iPhone
		{56490FBA-39B8-411A-BBFF-BCE907FA7DCD}.Release|iPhoneSimulator.ActiveCfg = Release|iPhoneSimulator
		{56490FBA-39B8-411A-BBFF-BCE907FA7DCD}.Release|iPhoneSimulator.Build.0 = Release|iPhoneSimulator
		{56490FBA-39B8-411A-BBFF-BCE907FA7DCD}.Release|Mixed Platforms.ActiveCfg = Release|iPhone
		{56490FBA-39B8-411A-BBFF-BCE907FA7DCD}.Release|Mixed Platforms.Build.0 = Release|iPhone
		{56490FBA-39B8-411A-BBFF-BCE907FA7DCD}.Release|x86.ActiveCfg = Release|iPhone
		{9F1563FD-997D-41FC-84C7-A861305E0D04}.Ad-Hoc|Any CPU.ActiveCfg = Release|Any CPU
		{9F1563FD-997D-41FC-84C7-A861305E0D04}.Ad-Hoc|Any CPU.Build.0 = Release|Any CPU
		{9F1563FD-997D-41FC-84C7-A861305E0D04}.Ad-Hoc|Any CPU.Deploy.0 = Release|Any CPU
		{9F1563FD-997D-41FC-84C7-A861305E0D04}.Ad-Hoc|ARM.ActiveCfg = Release|Any CPU
		{9F1563FD-997D-41FC-84C7-A861305E0D04}.Ad-Hoc|iPhone.ActiveCfg = Release|Any CPU
		{9F1563FD-997D-41FC-84C7-A861305E0D04}.Ad-Hoc|iPhoneSimulator.ActiveCfg = Release|Any CPU
		{9F1563FD-997D-41FC-84C7-A861305E0D04}.Ad-Hoc|Mixed Platforms.ActiveCfg = Release|Any CPU
		{9F1563FD-997D-41FC-84C7-A861305E0D04}.Ad-Hoc|Mixed Platforms.Build.0 = Release|Any CPU
		{9F1563FD-997D-41FC-84C7-A861305E0D04}.Ad-Hoc|Mixed Platforms.Deploy.0 = Release|Any CPU
		{9F1563FD-997D-41FC-84C7-A861305E0D04}.Ad-Hoc|x86.ActiveCfg = Release|Any CPU
		{9F1563FD-997D-41FC-84C7-A861305E0D04}.AppStore|Any CPU.ActiveCfg = Release|Any CPU
		{9F1563FD-997D-41FC-84C7-A861305E0D04}.AppStore|Any CPU.Build.0 = Release|Any CPU
		{9F1563FD-997D-41FC-84C7-A861305E0D04}.AppStore|Any CPU.Deploy.0 = Release|Any CPU
		{9F1563FD-997D-41FC-84C7-A861305E0D04}.AppStore|ARM.ActiveCfg = Release|Any CPU
		{9F1563FD-997D-41FC-84C7-A861305E0D04}.AppStore|iPhone.ActiveCfg = Release|Any CPU
		{9F1563FD-997D-41FC-84C7-A861305E0D04}.AppStore|iPhoneSimulator.ActiveCfg = Release|Any CPU
		{9F1563FD-997D-41FC-84C7-A861305E0D04}.AppStore|Mixed Platforms.ActiveCfg = Release|Any CPU
		{9F1563FD-997D-41FC-84C7-A861305E0D04}.AppStore|Mixed Platforms.Build.0 = Release|Any CPU
		{9F1563FD-997D-41FC-84C7-A861305E0D04}.AppStore|Mixed Platforms.Deploy.0 = Release|Any CPU
		{9F1563FD-997D-41FC-84C7-A861305E0D04}.AppStore|x86.ActiveCfg = Release|Any CPU
		{9F1563FD-997D-41FC-84C7-A861305E0D04}.Debug|Any CPU.ActiveCfg = Debug|Any CPU
		{9F1563FD-997D-41FC-84C7-A861305E0D04}.Debug|Any CPU.Build.0 = Debug|Any CPU
		{9F1563FD-997D-41FC-84C7-A861305E0D04}.Debug|Any CPU.Deploy.0 = Debug|Any CPU
		{9F1563FD-997D-41FC-84C7-A861305E0D04}.Debug|ARM.ActiveCfg = Debug|Any CPU
		{9F1563FD-997D-41FC-84C7-A861305E0D04}.Debug|iPhone.ActiveCfg = Debug|Any CPU
		{9F1563FD-997D-41FC-84C7-A861305E0D04}.Debug|iPhoneSimulator.ActiveCfg = Debug|Any CPU
		{9F1563FD-997D-41FC-84C7-A861305E0D04}.Debug|Mixed Platforms.ActiveCfg = Debug|Any CPU
		{9F1563FD-997D-41FC-84C7-A861305E0D04}.Debug|Mixed Platforms.Build.0 = Debug|Any CPU
		{9F1563FD-997D-41FC-84C7-A861305E0D04}.Debug|Mixed Platforms.Deploy.0 = Debug|Any CPU
		{9F1563FD-997D-41FC-84C7-A861305E0D04}.Debug|x86.ActiveCfg = Debug|Any CPU
		{9F1563FD-997D-41FC-84C7-A861305E0D04}.Release|Any CPU.ActiveCfg = Release|Any CPU
		{9F1563FD-997D-41FC-84C7-A861305E0D04}.Release|Any CPU.Build.0 = Release|Any CPU
		{9F1563FD-997D-41FC-84C7-A861305E0D04}.Release|Any CPU.Deploy.0 = Release|Any CPU
		{9F1563FD-997D-41FC-84C7-A861305E0D04}.Release|ARM.ActiveCfg = Release|Any CPU
		{9F1563FD-997D-41FC-84C7-A861305E0D04}.Release|iPhone.ActiveCfg = Release|Any CPU
		{9F1563FD-997D-41FC-84C7-A861305E0D04}.Release|iPhoneSimulator.ActiveCfg = Release|Any CPU
		{9F1563FD-997D-41FC-84C7-A861305E0D04}.Release|Mixed Platforms.ActiveCfg = Release|Any CPU
		{9F1563FD-997D-41FC-84C7-A861305E0D04}.Release|Mixed Platforms.Build.0 = Release|Any CPU
		{9F1563FD-997D-41FC-84C7-A861305E0D04}.Release|Mixed Platforms.Deploy.0 = Release|Any CPU
		{9F1563FD-997D-41FC-84C7-A861305E0D04}.Release|x86.ActiveCfg = Release|Any CPU
		{99A2D9C4-A7A3-4E01-8935-921B3C12C8BA}.Ad-Hoc|Any CPU.ActiveCfg = Release|Any CPU
		{99A2D9C4-A7A3-4E01-8935-921B3C12C8BA}.Ad-Hoc|Any CPU.Build.0 = Release|Any CPU
		{99A2D9C4-A7A3-4E01-8935-921B3C12C8BA}.Ad-Hoc|Any CPU.Deploy.0 = Release|Any CPU
		{99A2D9C4-A7A3-4E01-8935-921B3C12C8BA}.Ad-Hoc|ARM.ActiveCfg = Release|ARM
		{99A2D9C4-A7A3-4E01-8935-921B3C12C8BA}.Ad-Hoc|ARM.Build.0 = Release|ARM
		{99A2D9C4-A7A3-4E01-8935-921B3C12C8BA}.Ad-Hoc|ARM.Deploy.0 = Release|ARM
		{99A2D9C4-A7A3-4E01-8935-921B3C12C8BA}.Ad-Hoc|iPhone.ActiveCfg = Release|Any CPU
		{99A2D9C4-A7A3-4E01-8935-921B3C12C8BA}.Ad-Hoc|iPhoneSimulator.ActiveCfg = Release|Any CPU
		{99A2D9C4-A7A3-4E01-8935-921B3C12C8BA}.Ad-Hoc|Mixed Platforms.ActiveCfg = Release|x86
		{99A2D9C4-A7A3-4E01-8935-921B3C12C8BA}.Ad-Hoc|Mixed Platforms.Build.0 = Release|x86
		{99A2D9C4-A7A3-4E01-8935-921B3C12C8BA}.Ad-Hoc|Mixed Platforms.Deploy.0 = Release|x86
		{99A2D9C4-A7A3-4E01-8935-921B3C12C8BA}.Ad-Hoc|x86.ActiveCfg = Release|x86
		{99A2D9C4-A7A3-4E01-8935-921B3C12C8BA}.Ad-Hoc|x86.Build.0 = Release|x86
		{99A2D9C4-A7A3-4E01-8935-921B3C12C8BA}.Ad-Hoc|x86.Deploy.0 = Release|x86
		{99A2D9C4-A7A3-4E01-8935-921B3C12C8BA}.AppStore|Any CPU.ActiveCfg = Release|Any CPU
		{99A2D9C4-A7A3-4E01-8935-921B3C12C8BA}.AppStore|Any CPU.Build.0 = Release|Any CPU
		{99A2D9C4-A7A3-4E01-8935-921B3C12C8BA}.AppStore|Any CPU.Deploy.0 = Release|Any CPU
		{99A2D9C4-A7A3-4E01-8935-921B3C12C8BA}.AppStore|ARM.ActiveCfg = Release|ARM
		{99A2D9C4-A7A3-4E01-8935-921B3C12C8BA}.AppStore|ARM.Build.0 = Release|ARM
		{99A2D9C4-A7A3-4E01-8935-921B3C12C8BA}.AppStore|ARM.Deploy.0 = Release|ARM
		{99A2D9C4-A7A3-4E01-8935-921B3C12C8BA}.AppStore|iPhone.ActiveCfg = Release|Any CPU
		{99A2D9C4-A7A3-4E01-8935-921B3C12C8BA}.AppStore|iPhoneSimulator.ActiveCfg = Release|Any CPU
		{99A2D9C4-A7A3-4E01-8935-921B3C12C8BA}.AppStore|Mixed Platforms.ActiveCfg = Release|x86
		{99A2D9C4-A7A3-4E01-8935-921B3C12C8BA}.AppStore|Mixed Platforms.Build.0 = Release|x86
		{99A2D9C4-A7A3-4E01-8935-921B3C12C8BA}.AppStore|Mixed Platforms.Deploy.0 = Release|x86
		{99A2D9C4-A7A3-4E01-8935-921B3C12C8BA}.AppStore|x86.ActiveCfg = Release|x86
		{99A2D9C4-A7A3-4E01-8935-921B3C12C8BA}.AppStore|x86.Build.0 = Release|x86
		{99A2D9C4-A7A3-4E01-8935-921B3C12C8BA}.AppStore|x86.Deploy.0 = Release|x86
		{99A2D9C4-A7A3-4E01-8935-921B3C12C8BA}.Debug|Any CPU.ActiveCfg = Debug|Any CPU
		{99A2D9C4-A7A3-4E01-8935-921B3C12C8BA}.Debug|Any CPU.Build.0 = Debug|Any CPU
		{99A2D9C4-A7A3-4E01-8935-921B3C12C8BA}.Debug|Any CPU.Deploy.0 = Debug|Any CPU
		{99A2D9C4-A7A3-4E01-8935-921B3C12C8BA}.Debug|ARM.ActiveCfg = Debug|ARM
		{99A2D9C4-A7A3-4E01-8935-921B3C12C8BA}.Debug|ARM.Build.0 = Debug|ARM
		{99A2D9C4-A7A3-4E01-8935-921B3C12C8BA}.Debug|ARM.Deploy.0 = Debug|ARM
		{99A2D9C4-A7A3-4E01-8935-921B3C12C8BA}.Debug|iPhone.ActiveCfg = Debug|Any CPU
		{99A2D9C4-A7A3-4E01-8935-921B3C12C8BA}.Debug|iPhoneSimulator.ActiveCfg = Debug|Any CPU
		{99A2D9C4-A7A3-4E01-8935-921B3C12C8BA}.Debug|Mixed Platforms.ActiveCfg = Debug|x86
		{99A2D9C4-A7A3-4E01-8935-921B3C12C8BA}.Debug|Mixed Platforms.Build.0 = Debug|x86
		{99A2D9C4-A7A3-4E01-8935-921B3C12C8BA}.Debug|Mixed Platforms.Deploy.0 = Debug|x86
		{99A2D9C4-A7A3-4E01-8935-921B3C12C8BA}.Debug|x86.ActiveCfg = Debug|x86
		{99A2D9C4-A7A3-4E01-8935-921B3C12C8BA}.Debug|x86.Build.0 = Debug|x86
		{99A2D9C4-A7A3-4E01-8935-921B3C12C8BA}.Debug|x86.Deploy.0 = Debug|x86
		{99A2D9C4-A7A3-4E01-8935-921B3C12C8BA}.Release|Any CPU.ActiveCfg = Release|Any CPU
		{99A2D9C4-A7A3-4E01-8935-921B3C12C8BA}.Release|Any CPU.Build.0 = Release|Any CPU
		{99A2D9C4-A7A3-4E01-8935-921B3C12C8BA}.Release|Any CPU.Deploy.0 = Release|Any CPU
		{99A2D9C4-A7A3-4E01-8935-921B3C12C8BA}.Release|ARM.ActiveCfg = Release|ARM
		{99A2D9C4-A7A3-4E01-8935-921B3C12C8BA}.Release|ARM.Build.0 = Release|ARM
		{99A2D9C4-A7A3-4E01-8935-921B3C12C8BA}.Release|ARM.Deploy.0 = Release|ARM
		{99A2D9C4-A7A3-4E01-8935-921B3C12C8BA}.Release|iPhone.ActiveCfg = Release|Any CPU
		{99A2D9C4-A7A3-4E01-8935-921B3C12C8BA}.Release|iPhoneSimulator.ActiveCfg = Release|Any CPU
		{99A2D9C4-A7A3-4E01-8935-921B3C12C8BA}.Release|Mixed Platforms.ActiveCfg = Release|x86
		{99A2D9C4-A7A3-4E01-8935-921B3C12C8BA}.Release|Mixed Platforms.Build.0 = Release|x86
		{99A2D9C4-A7A3-4E01-8935-921B3C12C8BA}.Release|Mixed Platforms.Deploy.0 = Release|x86
		{99A2D9C4-A7A3-4E01-8935-921B3C12C8BA}.Release|x86.ActiveCfg = Release|x86
		{99A2D9C4-A7A3-4E01-8935-921B3C12C8BA}.Release|x86.Build.0 = Release|x86
		{99A2D9C4-A7A3-4E01-8935-921B3C12C8BA}.Release|x86.Deploy.0 = Release|x86
	EndGlobalSection
	GlobalSection(SolutionProperties) = preSolution
		HideSolutionNode = FALSE
	EndGlobalSection
EndGlobal
